
Microsoft Visual Studio Solution File, Format Version 12.00
# Visual Studio Version 17
VisualStudioVersion = 17.7.34221.43
MinimumVisualStudioVersion = 10.0.40219.1
Project("{FAE04EC0-301F-11D3-BF4B-00C04F79EFBC}") = "test case flexibase", "test case flexibase.csproj", "{F86C14FD-F63F-46D5-AE1A-DF23D8A4325A}"
EndProject
Global
	GlobalSection(SolutionConfigurationPlatforms) = preSolution
		Debug|Any CPU = Debug|Any CPU
		Release|Any CPU = Release|Any CPU
	EndGlobalSection
	GlobalSection(ProjectConfigurationPlatforms) = postSolution
		{F86C14FD-F63F-46D5-AE1A-DF23D8A4325A}.Debug|Any CPU.ActiveCfg = Debug|Any CPU
		{F86C14FD-F63F-46D5-AE1A-DF23D8A4325A}.Debug|Any CPU.Build.0 = Debug|Any CPU
		{F86C14FD-F63F-46D5-AE1A-DF23D8A4325A}.Release|Any CPU.ActiveCfg = Release|Any CPU
		{F86C14FD-F63F-46D5-AE1A-DF23D8A4325A}.Release|Any CPU.Build.0 = Release|Any CPU
	EndGlobalSection
	GlobalSection(SolutionProperties) = preSolution
		HideSolutionNode = FALSE
	EndGlobalSection
	GlobalSection(ExtensibilityGlobals) = postSolution
		SolutionGuid = {F3A84809-03C2-4950-B77A-73AF7A1C5F80}
	EndGlobalSection
EndGlobal
